
Microsoft Visual Studio Solution File, Format Version 12.00
# Visual Studio Version 17
VisualStudioVersion = 17.0.31903.59
MinimumVisualStudioVersion = 10.0.40219.1
Project("{FAE04EC0-301F-11D3-BF4B-00C04F79EFBC}") = "CoinFlipper", "CoinFlipper\CoinFlipper.csproj", "{485289AE-0A0D-425B-96C0-6F1FDD8EC2EA}"
EndProject
Project("{FAE04EC0-301F-11D3-BF4B-00C04F79EFBC}") = "HotNCold", "HotNCold\HotNCold.csproj", "{2035FEC9-0E74-4DF0-84DA-A1392062182D}"
EndProject
Project("{FAE04EC0-301F-11D3-BF4B-00C04F79EFBC}") = "HotNCold.Tests", "HotNCold.Tests\HotNCold.Tests.csproj", "{1065A25F-A7EB-4F7A-B05E-19AFE4DB50F3}"
EndProject
Global
	GlobalSection(SolutionConfigurationPlatforms) = preSolution
		Debug|Any CPU = Debug|Any CPU
		Release|Any CPU = Release|Any CPU
	EndGlobalSection
	GlobalSection(SolutionProperties) = preSolution
		HideSolutionNode = FALSE
	EndGlobalSection
	GlobalSection(ProjectConfigurationPlatforms) = postSolution
		{485289AE-0A0D-425B-96C0-6F1FDD8EC2EA}.Debug|Any CPU.ActiveCfg = Debug|Any CPU
		{485289AE-0A0D-425B-96C0-6F1FDD8EC2EA}.Debug|Any CPU.Build.0 = Debug|Any CPU
		{485289AE-0A0D-425B-96C0-6F1FDD8EC2EA}.Release|Any CPU.ActiveCfg = Release|Any CPU
		{485289AE-0A0D-425B-96C0-6F1FDD8EC2EA}.Release|Any CPU.Build.0 = Release|Any CPU
		{2035FEC9-0E74-4DF0-84DA-A1392062182D}.Debug|Any CPU.ActiveCfg = Debug|Any CPU
		{2035FEC9-0E74-4DF0-84DA-A1392062182D}.Debug|Any CPU.Build.0 = Debug|Any CPU
		{2035FEC9-0E74-4DF0-84DA-A1392062182D}.Release|Any CPU.ActiveCfg = Release|Any CPU
		{2035FEC9-0E74-4DF0-84DA-A1392062182D}.Release|Any CPU.Build.0 = Release|Any CPU
		{1065A25F-A7EB-4F7A-B05E-19AFE4DB50F3}.Debug|Any CPU.ActiveCfg = Debug|Any CPU
		{1065A25F-A7EB-4F7A-B05E-19AFE4DB50F3}.Debug|Any CPU.Build.0 = Debug|Any CPU
		{1065A25F-A7EB-4F7A-B05E-19AFE4DB50F3}.Release|Any CPU.ActiveCfg = Release|Any CPU
		{1065A25F-A7EB-4F7A-B05E-19AFE4DB50F3}.Release|Any CPU.Build.0 = Release|Any CPU
	EndGlobalSection
EndGlobal
